{
  "name": "clonyfy",
  "version": "1.0.0",
  "lockfileVersion": 3,
  "requires": true,
  "packages": {
    "": {
      "name": "clonyfy",
      "version": "1.0.0",
      "dependencies": {
        "@supabase/supabase-js": "^2.105.4",
        "bcryptjs": "^3.0.3",
        "dotenv": "^17.4.2",
        "handlebars": "^4.7.8",
        "mime-types": "^2.1.35",
        "nodemailer": "^8.0.7",
        "playwright-core": "^1.44.0",
        "stripe": "^22.1.1"
      },
      "engines": {
        "node": "22.x"
      }
    },
    "node_modules/@supabase/auth-js": {
      "version": "2.105.4",
      "resolved": "https://registry.npmjs.org/@supabase/auth-js/-/auth-js-2.105.4.tgz",
      "integrity": "sha512-Ejfa37M5xoIwoxVebxRahnwubPo8g22qkXQ4p50+N9MIvU9UZoN+A8dwVPtczzGf8oV/YXN80ZPxK4aWXuSN/A==",
      "license": "MIT",
      "dependencies": {
        "tslib": "2.8.1"
      },
      "engines": {
        "node": ">=20.0.0"
      }
    },
    "node_modules/@supabase/functions-js": {
      "version": "2.105.4",
      "resolved": "https://registry.npmjs.org/@supabase/functions-js/-/functions-js-2.105.4.tgz",
      "integrity": "sha512-JVNKbBft3Qkja+WlGaE026AJ2AH9K0UTsxsfvEIHgd4zFrBor4BYRCrYFrv9IDsvVqkF72wKDsODJl5GY/C4tA==",
      "license": "MIT",
      "dependencies": {
        "tslib": "2.8.1"
      },
      "engines": {
        "node": ">=20.0.0"
      }
    },
    "node_modules/@supabase/phoenix": {
      "version": "0.4.2",
      "resolved": "https://registry.npmjs.org/@supabase/phoenix/-/phoenix-0.4.2.tgz",
      "integrity": "sha512-YSAGnmDAfuleFCVt3CeurQZAhxRfXWeZIIkwp7NhYzQ1UwW6ePSnzsFAiUm/mbCkfoCf70QQHKW/K6RKh52a4A==",
      "license": "MIT"
    },
    "node_modules/@supabase/postgrest-js": {
      "version": "2.105.4",
      "resolved": "https://registry.npmjs.org/@supabase/postgrest-js/-/postgrest-js-2.105.4.tgz",
      "integrity": "sha512-SppIyLo/kTwIlz1qpv2HN1EQqBg0GVktrDDFsXygYROha3MgVn4rT7p5EjFHFqXQm2rdRGb/BI7bc+jr10m91w==",
      "license": "MIT",
      "dependencies": {
        "tslib": "2.8.1"
      },
      "engines": {
        "node": ">=20.0.0"
      }
    },
    "node_modules/@supabase/realtime-js": {
      "version": "2.105.4",
      "resolved": "https://registry.npmjs.org/@supabase/realtime-js/-/realtime-js-2.105.4.tgz",
      "integrity": "sha512-6ov6c59+8D9h7q4M4Gy/uDJlC0Akxl9/714Y+6vJ+Sijuc16TS/p5DwhfRCLNcIhNiej1gEt+CQUwsjiPt4PxQ==",
      "license": "MIT",
      "dependencies": {
        "@supabase/phoenix": "^0.4.2",
        "tslib": "2.8.1"
      },
      "engines": {
        "node": ">=20.0.0"
      }
    },
    "node_modules/@supabase/storage-js": {
      "version": "2.105.4",
      "resolved": "https://registry.npmjs.org/@supabase/storage-js/-/storage-js-2.105.4.tgz",
      "integrity": "sha512-Jx+pzMP1Whjof2PWHoVBUA75/p7PQE9CqKBzn1oXVyJDOggMLSH2OzVWwsXYaxEpdC1K/KltwmOX44nL3LHl9g==",
      "license": "MIT",
      "dependencies": {
        "iceberg-js": "^0.8.1",
        "tslib": "2.8.1"
      },
      "engines": {
        "node": ">=20.0.0"
      }
    },
    "node_modules/@supabase/supabase-js": {
      "version": "2.105.4",
      "resolved": "https://registry.npmjs.org/@supabase/supabase-js/-/supabase-js-2.105.4.tgz",
      "integrity": "sha512-cEnx+k49knU+qdIP7rXwR6fqEXPHZs+74xFK1R0S8MgQ7v9tbePVdGxvO03n3bPympMdJWVLadARBfU4TgNHCQ==",
      "license": "MIT",
      "dependencies": {
        "@supabase/auth-js": "2.105.4",
        "@supabase/functions-js": "2.105.4",
        "@supabase/postgrest-js": "2.105.4",
        "@supabase/realtime-js": "2.105.4",
        "@supabase/storage-js": "2.105.4"
      },
      "engines": {
        "node": ">=20.0.0"
      }
    },
    "node_modules/bcryptjs": {
      "version": "3.0.3",
      "resolved": "https://registry.npmjs.org/bcryptjs/-/bcryptjs-3.0.3.tgz",
      "integrity": "sha512-GlF5wPWnSa/X5LKM1o0wz0suXIINz1iHRLvTS+sLyi7XPbe5ycmYI3DlZqVGZZtDgl4DmasFg7gOB3JYbphV5g==",
      "license": "BSD-3-Clause",
      "bin": {
        "bcrypt": "bin/bcrypt"
      }
    },
    "node_modules/dotenv": {
      "version": "17.4.2",
      "resolved": "https://registry.npmjs.org/dotenv/-/dotenv-17.4.2.tgz",
      "integrity": "sha512-nI4U3TottKAcAD9LLud4Cb7b2QztQMUEfHbvhTH09bqXTxnSie8WnjPALV/WMCrJZ6UV/qHJ6L03OqO3LcdYZw==",
      "license": "BSD-2-Clause",
      "engines": {
        "node": ">=12"
      },
      "funding": {
        "url": "https://dotenvx.com"
      }
    },
    "node_modules/handlebars": {
      "version": "4.7.9",
      "resolved": "https://registry.npmjs.org/handlebars/-/handlebars-4.7.9.tgz",
      "integrity": "sha512-4E71E0rpOaQuJR2A3xDZ+GM1HyWYv1clR58tC8emQNeQe3RH7MAzSbat+V0wG78LQBo6m6bzSG/L4pBuCsgnUQ==",
      "license": "MIT",
      "dependencies": {
        "minimist": "^1.2.5",
        "neo-async": "^2.6.2",
        "source-map": "^0.6.1",
        "wordwrap": "^1.0.0"
      },
      "bin": {
        "handlebars": "bin/handlebars"
      },
      "engines": {
        "node": ">=0.4.7"
      },
      "optionalDependencies": {
        "uglify-js": "^3.1.4"
      }
    },
    "node_modules/iceberg-js": {
      "version": "0.8.1",
      "resolved": "https://registry.npmjs.org/iceberg-js/-/iceberg-js-0.8.1.tgz",
      "integrity": "sha512-1dhVQZXhcHje7798IVM+xoo/1ZdVfzOMIc8/rgVSijRK38EDqOJoGula9N/8ZI5RD8QTxNQtK/Gozpr+qUqRRA==",
      "license": "MIT",
      "engines": {
        "node": ">=20.0.0"
      }
    },
    "node_modules/mime-db": {
      "version": "1.52.0",
      "resolved": "https://registry.npmjs.org/mime-db/-/mime-db-1.52.0.tgz",
      "integrity": "sha512-sPU4uV7dYlvtWJxwwxHD0PuihVNiE7TyAbQ5SWxDCB9mUYvOgroQOwYQQOKPJ8CIbE+1ETVlOoK1UC2nU3gYvg==",
      "license": "MIT",
      "engines": {
        "node": ">= 0.6"
      }
    },
    "node_modules/mime-types": {
      "version": "2.1.35",
      "resolved": "https://registry.npmjs.org/mime-types/-/mime-types-2.1.35.tgz",
      "integrity": "sha512-ZDY+bPm5zTTF+YpCrAU9nK0UgICYPT0QtT1NZWFv4s++TNkcgVaT0g6+4R2uI4MjQjzysHB1zxuWL50hzaeXiw==",
      "license": "MIT",
      "dependencies": {
        "mime-db": "1.52.0"
      },
      "engines": {
        "node": ">= 0.6"
      }
    },
    "node_modules/minimist": {
      "version": "1.2.8",
      "resolved": "https://registry.npmjs.org/minimist/-/minimist-1.2.8.tgz",
      "integrity": "sha512-2yyAR8qBkN3YuheJanUpWC5U3bb5osDywNB8RzDVlDwDHbocAJveqqj1u8+SVD7jkWT4yvsHCpWqqWqAxb0zCA==",
      "license": "MIT",
      "funding": {
        "url": "https://github.com/sponsors/ljharb"
      }
    },
    "node_modules/neo-async": {
      "version": "2.6.2",
      "resolved": "https://registry.npmjs.org/neo-async/-/neo-async-2.6.2.tgz",
      "integrity": "sha512-Yd3UES5mWCSqR+qNT93S3UoYUkqAZ9lLg8a7g9rimsWmYGK8cVToA4/sF3RrshdyV3sAGMXVUmpMYOw+dLpOuw==",
      "license": "MIT"
    },
    "node_modules/nodemailer": {
      "version": "8.0.7",
      "resolved": "https://registry.npmjs.org/nodemailer/-/nodemailer-8.0.7.tgz",
      "integrity": "sha512-pkjE4mkBzQjdJT4/UmlKl3pX0rC9fZmjh7c6C9o7lv66Ac6w9WCnzPzhbPNxwZAzlF4mdq4CSWB5+FbK6FWCow==",
      "license": "MIT-0",
      "engines": {
        "node": ">=6.0.0"
      }
    },
    "node_modules/playwright-core": {
      "version": "1.59.1",
      "resolved": "https://registry.npmjs.org/playwright-core/-/playwright-core-1.59.1.tgz",
      "integrity": "sha512-HBV/RJg81z5BiiZ9yPzIiClYV/QMsDCKUyogwH9p3MCP6IYjUFu/MActgYAvK0oWyV9NlwM3GLBjADyWgydVyg==",
      "license": "Apache-2.0",
      "bin": {
        "playwright-core": "cli.js"
      },
      "engines": {
        "node": ">=18"
      }
    },
    "node_modules/source-map": {
      "version": "0.6.1",
      "resolved": "https://registry.npmjs.org/source-map/-/source-map-0.6.1.tgz",
      "integrity": "sha512-UjgapumWlbMhkBgzT7Ykc5YXUT46F0iKu8SGXq0bcwP5dz/h0Plj6enJqjz1Zbq2l5WaqYnrVbwWOWMyF3F47g==",
      "license": "BSD-3-Clause",
      "engines": {
        "node": ">=0.10.0"
      }
    },
    "node_modules/stripe": {
      "version": "22.1.1",
      "resolved": "https://registry.npmjs.org/stripe/-/stripe-22.1.1.tgz",
      "integrity": "sha512-cmodIYP27tBkJ8G7DuGgWw0PFuemlFZbuF3Wwr1TrjFjUa3T7NIgCe6TVwX8BO2ynu+xtTuDGfHafNDCPt9lXA==",
      "license": "MIT",
      "engines": {
        "node": ">=18"
      },
      "peerDependencies": {
        "@types/node": ">=18"
      },
      "peerDependenciesMeta": {
        "@types/node": {
          "optional": true
        }
      }
    },
    "node_modules/tslib": {
      "version": "2.8.1",
      "resolved": "https://registry.npmjs.org/tslib/-/tslib-2.8.1.tgz",
      "integrity": "sha512-oJFu94HQb+KVduSUQL7wnpmqnfmLsOA/nAh6b6EH0wCEoK0/mPeXU6c3wKDV83MkOuHPRHtSXKKU99IBazS/2w==",
      "license": "0BSD"
    },
    "node_modules/uglify-js": {
      "version": "3.19.3",
      "resolved": "https://registry.npmjs.org/uglify-js/-/uglify-js-3.19.3.tgz",
      "integrity": "sha512-v3Xu+yuwBXisp6QYTcH4UbH+xYJXqnq2m/LtQVWKWzYc1iehYnLixoQDN9FH6/j9/oybfd6W9Ghwkl8+UMKTKQ==",
      "license": "BSD-2-Clause",
      "optional": true,
      "bin": {
        "uglifyjs": "bin/uglifyjs"
      },
      "engines": {
        "node": ">=0.8.0"
      }
    },
    "node_modules/wordwrap": {
      "version": "1.0.0",
      "resolved": "https://registry.npmjs.org/wordwrap/-/wordwrap-1.0.0.tgz",
      "integrity": "sha512-gvVzJFlPycKc5dZN4yPkP8w7Dc37BtP1yczEneOb4uq34pXZcvrtRTmWV8W+Ume+XCxKgbjM+nevkyFPMybd4Q==",
      "license": "MIT"
    },
    "packages/cloner": {
      "name": "@clonyfy/cloner",
      "version": "0.1.0",
      "extraneous": true,
      "dependencies": {
        "@sparticuz/chromium": "^148.0.0",
        "commander": "^12.1.0",
        "content-type": "^1.0.5",
        "handlebars": "^4.7.8",
        "mime-types": "^2.1.35",
        "p-queue": "^8.0.1",
        "parse5": "^7.1.2",
        "playwright": "^1.44.0",
        "postcss": "^8.4.38",
        "robots-parser": "^3.0.1"
      },
      "bin": {
        "cloner": "dist/cli.js"
      },
      "devDependencies": {
        "@types/content-type": "^1.1.8",
        "@types/mime-types": "^2.1.4",
        "@types/node": "^20.14.0",
        "tsup": "^8.1.0",
        "tsx": "^4.15.7",
        "typescript": "^5.4.5",
        "vitest": "^4.1.6"
      }
    },
    "packages/runtime": {
      "name": "@clonyfy/runtime",
      "version": "0.1.0",
      "extraneous": true
    }
  }
}
